// !$*UTF8*$!
{
	archiveVersion = 1;
	classes = {
	};
	objectVersion = 50;
	objects = {

/* Begin PBXBuildFile section */
		A88C94BF26A766E000A54553 /* AppDelegate.swift in Sources */ = {isa = PBXBuildFile; fileRef = A88C94BE26A766E000A54553 /* AppDelegate.swift */; };
		A88C94C126A766E000A54553 /* SceneDelegate.swift in Sources */ = {isa = PBXBuildFile; fileRef = A88C94C026A766E000A54553 /* SceneDelegate.swift */; };
		A88C94C326A766E000A54553 /* ViewController.swift in Sources */ = {isa = PBXBuildFile; fileRef = A88C94C226A766E000A54553 /* ViewController.swift */; };
		A88C94C626A766E000A54553 /* Main.storyboard in Resources */ = {isa = PBXBuildFile; fileRef = A88C94C426A766E000A54553 /* Main.storyboard */; };
		A88C94C926A766E000A54553 /* KWK_Final_Project___Ecotic.xcdatamodeld in Sources */ = {isa = PBXBuildFile; fileRef = A88C94C726A766E000A54553 /* KWK_Final_Project___Ecotic.xcdatamodeld */; };
		A88C94CB26A766E100A54553 /* Assets.xcassets in Resources */ = {isa = PBXBuildFile; fileRef = A88C94CA26A766E100A54553 /* Assets.xcassets */; };
		A88C94CE26A766E100A54553 /* LaunchScreen.storyboard in Resources */ = {isa = PBXBuildFile; fileRef = A88C94CC26A766E100A54553 /* LaunchScreen.storyboard */; };
		A88C94D926A766E100A54553 /* KWK_Final_Project___EcoticTests.swift in Sources */ = {isa = PBXBuildFile; fileRef = A88C94D826A766E100A54553 /* KWK_Final_Project___EcoticTests.swift */; };
		A88C94E426A766E100A54553 /* KWK_Final_Project___EcoticUITests.swift in Sources */ = {isa = PBXBuildFile; fileRef = A88C94E326A766E100A54553 /* KWK_Final_Project___EcoticUITests.swift */; };
		A88C94F226A76CEE00A54553 /* GetResourcesViewController.swift in Sources */ = {isa = PBXBuildFile; fileRef = A88C94F126A76CEE00A54553 /* GetResourcesViewController.swift */; };
		A88C94F426A770D800A54553 /* LogViewController.swift in Sources */ = {isa = PBXBuildFile; fileRef = A88C94F326A770D800A54553 /* LogViewController.swift */; };
		A88C94F626A79AD100A54553 /* ResourcesViewController.swift in Sources */ = {isa = PBXBuildFile; fileRef = A88C94F526A79AD100A54553 /* ResourcesViewController.swift */; };
/* End PBXBuildFile section */

/* Begin PBXContainerItemProxy section */
		A88C94D526A766E100A54553 /* PBXContainerItemProxy */ = {
			isa = PBXContainerItemProxy;
			containerPortal = A88C94B326A766E000A54553 /* Project object */;
			proxyType = 1;
			remoteGlobalIDString = A88C94BA26A766E000A54553;
			remoteInfo = "KWK Final Project - Ecotic";
		};
		A88C94E026A766E100A54553 /* PBXContainerItemProxy */ = {
			isa = PBXContainerItemProxy;
			containerPortal = A88C94B326A766E000A54553 /* Project object */;
			proxyType = 1;
			remoteGlobalIDString = A88C94BA26A766E000A54553;
			remoteInfo = "KWK Final Project - Ecotic";
		};
/* End PBXContainerItemProxy section */

/* Begin PBXFileReference section */
		A88C94BB26A766E000A54553 /* KWK Final Project - Ecotic.app */ = {isa = PBXFileReference; explicitFileType = wrapper.application; includeInIndex = 0; path = "KWK Final Project - Ecotic.app"; sourceTree = BUILT_PRODUCTS_DIR; };
		A88C94BE26A766E000A54553 /* AppDelegate.swift */ = {isa = PBXFileReference; lastKnownFileType = sourcecode.swift; path = AppDelegate.swift; sourceTree = "<group>"; };
		A88C94C026A766E000A54553 /* SceneDelegate.swift */ = {isa = PBXFileReference; lastKnownFileType = sourcecode.swift; path = SceneDelegate.swift; sourceTree = "<group>"; };
		A88C94C226A766E000A54553 /* ViewController.swift */ = {isa = PBXFileReference; lastKnownFileType = sourcecode.swift; path = ViewController.swift; sourceTree = "<group>"; };
		A88C94C526A766E000A54553 /* Base */ = {isa = PBXFileReference; lastKnownFileType = file.storyboard; name = Base; path = Base.lproj/Main.storyboard; sourceTree = "<group>"; };
		A88C94C826A766E000A54553 /* KWK_Final_Project___Ecotic.xcdatamodel */ = {isa = PBXFileReference; lastKnownFileType = wrapper.xcdatamodel; path = "KWK_Final_Project___Ecotic.xcdatamodel"; sourceTree = "<group>"; };
		A88C94CA26A766E100A54553 /* Assets.xcassets */ = {isa = PBXFileReference; lastKnownFileType = folder.assetcatalog; path = Assets.xcassets; sourceTree = "<group>"; };
		A88C94CD26A766E100A54553 /* Base */ = {isa = PBXFileReference; lastKnownFileType = file.storyboard; name = Base; path = Base.lproj/LaunchScreen.storyboard; sourceTree = "<group>"; };
		A88C94CF26A766E100A54553 /* Info.plist */ = {isa = PBXFileReference; lastKnownFileType = text.plist.xml; path = Info.plist; sourceTree = "<group>"; };
		A88C94D426A766E100A54553 /* KWK Final Project - EcoticTests.xctest */ = {isa = PBXFileReference; explicitFileType = wrapper.cfbundle; includeInIndex = 0; path = "KWK Final Project - EcoticTests.xctest"; sourceTree = BUILT_PRODUCTS_DIR; };
		A88C94D826A766E100A54553 /* KWK_Final_Project___EcoticTests.swift */ = {isa = PBXFileReference; lastKnownFileType = sourcecode.swift; path = "KWK_Final_Project___EcoticTests.swift"; sourceTree = "<group>"; };
		A88C94DA26A766E100A54553 /* Info.plist */ = {isa = PBXFileReference; lastKnownFileType = text.plist.xml; path = Info.plist; sourceTree = "<group>"; };
		A88C94DF26A766E100A54553 /* KWK Final Project - EcoticUITests.xctest */ = {isa = PBXFileReference; explicitFileType = wrapper.cfbundle; includeInIndex = 0; path = "KWK Final Project - EcoticUITests.xctest"; sourceTree = BUILT_PRODUCTS_DIR; };
		A88C94E326A766E100A54553 /* KWK_Final_Project___EcoticUITests.swift */ = {isa = PBXFileReference; lastKnownFileType = sourcecode.swift; path = "KWK_Final_Project___EcoticUITests.swift"; sourceTree = "<group>"; };
		A88C94E526A766E100A54553 /* Info.plist */ = {isa = PBXFileReference; lastKnownFileType = text.plist.xml; path = Info.plist; sourceTree = "<group>"; };
		A88C94F126A76CEE00A54553 /* GetResourcesViewController.swift */ = {isa = PBXFileReference; lastKnownFileType = sourcecode.swift; path = GetResourcesViewController.swift; sourceTree = "<group>"; };
		A88C94F326A770D800A54553 /* LogViewController.swift */ = {isa = PBXFileReference; lastKnownFileType = sourcecode.swift; path = LogViewController.swift; sourceTree = "<group>"; };
		A88C94F526A79AD100A54553 /* ResourcesViewController.swift */ = {isa = PBXFileReference; lastKnownFileType = sourcecode.swift; path = ResourcesViewController.swift; sourceTree = "<group>"; };
/* End PBXFileReference section */

/* Begin PBXFrameworksBuildPhase section */
		A88C94B826A766E000A54553 /* Frameworks */ = {
			isa = PBXFrameworksBuildPhase;
			buildActionMask = 2147483647;
			files = (
			);
			runOnlyForDeploymentPostprocessing = 0;
		};
		A88C94D126A766E100A54553 /* Frameworks */ = {
			isa = PBXFrameworksBuildPhase;
			buildActionMask = 2147483647;
			files = (
			);
			runOnlyForDeploymentPostprocessing = 0;
		};
		A88C94DC26A766E100A54553 /* Frameworks */ = {
			isa = PBXFrameworksBuildPhase;
			buildActionMask = 2147483647;
			files = (
			);
			runOnlyForDeploymentPostprocessing = 0;
		};
/* End PBXFrameworksBuildPhase section */

/* Begin PBXGroup section */
		A88C94B226A766E000A54553 = {
			isa = PBXGroup;
			children = (
				A88C94F526A79AD100A54553 /* ResourcesViewController.swift */,
				A88C94BD26A766E000A54553 /* KWK Final Project - Ecotic */,
				A88C94D726A766E100A54553 /* KWK Final Project - EcoticTests */,
				A88C94E226A766E100A54553 /* KWK Final Project - EcoticUITests */,
				A88C94BC26A766E000A54553 /* Products */,
			);
			sourceTree = "<group>";
		};
		A88C94BC26A766E000A54553 /* Products */ = {
			isa = PBXGroup;
			children = (
				A88C94BB26A766E000A54553 /* KWK Final Project - Ecotic.app */,
				A88C94D426A766E100A54553 /* KWK Final Project - EcoticTests.xctest */,
				A88C94DF26A766E100A54553 /* KWK Final Project - EcoticUITests.xctest */,
			);
			name = Products;
			sourceTree = "<group>";
		};
		A88C94BD26A766E000A54553 /* KWK Final Project - Ecotic */ = {
			isa = PBXGroup;
			children = (
				A88C94BE26A766E000A54553 /* AppDelegate.swift */,
				A88C94C026A766E000A54553 /* SceneDelegate.swift */,
				A88C94C226A766E000A54553 /* ViewController.swift */,
				A88C94C426A766E000A54553 /* Main.storyboard */,
				A88C94F326A770D800A54553 /* LogViewController.swift */,
				A88C94F126A76CEE00A54553 /* GetResourcesViewController.swift */,
				A88C94CA26A766E100A54553 /* Assets.xcassets */,
				A88C94CC26A766E100A54553 /* LaunchScreen.storyboard */,
				A88C94CF26A766E100A54553 /* Info.plist */,
				A88C94C726A766E000A54553 /* KWK_Final_Project___Ecotic.xcdatamodeld */,
			);
			path = "KWK Final Project - Ecotic";
			sourceTree = "<group>";
		};
		A88C94D726A766E100A54553 /* KWK Final Project - EcoticTests */ = {
			isa = PBXGroup;
			children = (
				A88C94D826A766E100A54553 /* KWK_Final_Project___EcoticTests.swift */,
				A88C94DA26A766E100A54553 /* Info.plist */,
			);
			path = "KWK Final Project - EcoticTests";
			sourceTree = "<group>";
		};
		A88C94E226A766E100A54553 /* KWK Final Project - EcoticUITests */ = {
			isa = PBXGroup;
			children = (
				A88C94E326A766E100A54553 /* KWK_Final_Project___EcoticUITests.swift */,
				A88C94E526A766E100A54553 /* Info.plist */,
			);
			path = "KWK Final Project - EcoticUITests";
			sourceTree = "<group>";
		};
/* End PBXGroup section */

/* Begin PBXNativeTarget section */
		A88C94BA26A766E000A54553 /* KWK Final Project - Ecotic */ = {
			isa = PBXNativeTarget;
			buildConfigurationList = A88C94E826A766E100A54553 /* Build configuration list for PBXNativeTarget "KWK Final Project - Ecotic" */;
			buildPhases = (
				A88C94B726A766E000A54553 /* Sources */,
				A88C94B826A766E000A54553 /* Frameworks */,
				A88C94B926A766E000A54553 /* Resources */,
			);
			buildRules = (
			);
			dependencies = (
			);
			name = "KWK Final Project - Ecotic";
			productName = "KWK Final Project - Ecotic";
			productReference = A88C94BB26A766E000A54553 /* KWK Final Project - Ecotic.app */;
			productType = "com.apple.product-type.application";
		};
		A88C94D326A766E100A54553 /* KWK Final Project - EcoticTests */ = {
			isa = PBXNativeTarget;
			buildConfigurationList = A88C94EB26A766E100A54553 /* Build configuration list for PBXNativeTarget "KWK Final Project - EcoticTests" */;
			buildPhases = (
				A88C94D026A766E100A54553 /* Sources */,
				A88C94D126A766E100A54553 /* Frameworks */,
				A88C94D226A766E100A54553 /* Resources */,
			);
			buildRules = (
			);
			dependencies = (
				A88C94D626A766E100A54553 /* PBXTargetDependency */,
			);
			name = "KWK Final Project - EcoticTests";
			productName = "KWK Final Project - EcoticTests";
			productReference = A88C94D426A766E100A54553 /* KWK Final Project - EcoticTests.xctest */;
			productType = "com.apple.product-type.bundle.unit-test";
		};
		A88C94DE26A766E100A54553 /* KWK Final Project - EcoticUITests */ = {
			isa = PBXNativeTarget;
			buildConfigurationList = A88C94EE26A766E100A54553 /* Build configuration list for PBXNativeTarget "KWK Final Project - EcoticUITests" */;
			buildPhases = (
				A88C94DB26A766E100A54553 /* Sources */,
				A88C94DC26A766E100A54553 /* Frameworks */,
				A88C94DD26A766E100A54553 /* Resources */,
			);
			buildRules = (
			);
			dependencies = (
				A88C94E126A766E100A54553 /* PBXTargetDependency */,
			);
			name = "KWK Final Project - EcoticUITests";
			productName = "KWK Final Project - EcoticUITests";
			productReference = A88C94DF26A766E100A54553 /* KWK Final Project - EcoticUITests.xctest */;
			productType = "com.apple.product-type.bundle.ui-testing";
		};
/* End PBXNativeTarget section */

/* Begin PBXProject section */
		A88C94B326A766E000A54553 /* Project object */ = {
			isa = PBXProject;
			attributes = {
				LastSwiftUpdateCheck = 1250;
				LastUpgradeCheck = 1250;
				TargetAttributes = {
					A88C94BA26A766E000A54553 = {
						CreatedOnToolsVersion = 12.5;
					};
					A88C94D326A766E100A54553 = {
						CreatedOnToolsVersion = 12.5;
						TestTargetID = A88C94BA26A766E000A54553;
					};
					A88C94DE26A766E100A54553 = {
						CreatedOnToolsVersion = 12.5;
						TestTargetID = A88C94BA26A766E000A54553;
					};
				};
			};
			buildConfigurationList = A88C94B626A766E000A54553 /* Build configuration list for PBXProject "KWK Final Project - Ecotic" */;
			compatibilityVersion = "Xcode 9.3";
			developmentRegion = en;
			hasScannedForEncodings = 0;
			knownRegions = (
				en,
				Base,
			);
			mainGroup = A88C94B226A766E000A54553;
			productRefGroup = A88C94BC26A766E000A54553 /* Products */;
			projectDirPath = "";
			projectRoot = "";
			targets = (
				A88C94BA26A766E000A54553 /* KWK Final Project - Ecotic */,
				A88C94D326A766E100A54553 /* KWK Final Project - EcoticTests */,
				A88C94DE26A766E100A54553 /* KWK Final Project - EcoticUITests */,
			);
		};
/* End PBXProject section */

/* Begin PBXResourcesBuildPhase section */
		A88C94B926A766E000A54553 /* Resources */ = {
			isa = PBXResourcesBuildPhase;
			buildActionMask = 2147483647;
			files = (
				A88C94CE26A766E100A54553 /* LaunchScreen.storyboard in Resources */,
				A88C94CB26A766E100A54553 /* Assets.xcassets in Resources */,
				A88C94C626A766E000A54553 /* Main.storyboard in Resources */,
			);
			runOnlyForDeploymentPostprocessing = 0;
		};
		A88C94D226A766E100A54553 /* Resources */ = {
			isa = PBXResourcesBuildPhase;
			buildActionMask = 2147483647;
			files = (
			);
			runOnlyForDeploymentPostprocessing = 0;
		};
		A88C94DD26A766E100A54553 /* Resources */ = {
			isa = PBXResourcesBuildPhase;
			buildActionMask = 2147483647;
			files = (
			);
			runOnlyForDeploymentPostprocessing = 0;
		};
/* End PBXResourcesBuildPhase section */

/* Begin PBXSourcesBuildPhase section */
		A88C94B726A766E000A54553 /* Sources */ = {
			isa = PBXSourcesBuildPhase;
			buildActionMask = 2147483647;
			files = (
				A88C94F226A76CEE00A54553 /* GetResourcesViewController.swift in Sources */,
				A88C94C326A766E000A54553 /* ViewController.swift in Sources */,
				A88C94BF26A766E000A54553 /* AppDelegate.swift in Sources */,
				A88C94F626A79AD100A54553 /* ResourcesViewController.swift in Sources */,
				A88C94F426A770D800A54553 /* LogViewController.swift in Sources */,
				A88C94C126A766E000A54553 /* SceneDelegate.swift in Sources */,
				A88C94C926A766E000A54553 /* KWK_Final_Project___Ecotic.xcdatamodeld in Sources */,
			);
			runOnlyForDeploymentPostprocessing = 0;
		};
		A88C94D026A766E100A54553 /* Sources */ = {
			isa = PBXSourcesBuildPhase;
			buildActionMask = 2147483647;
			files = (
				A88C94D926A766E100A54553 /* KWK_Final_Project___EcoticTests.swift in Sources */,
			);
			runOnlyForDeploymentPostprocessing = 0;
		};
		A88C94DB26A766E100A54553 /* Sources */ = {
			isa = PBXSourcesBuildPhase;
			buildActionMask = 2147483647;
			files = (
				A88C94E426A766E100A54553 /* KWK_Final_Project___EcoticUITests.swift in Sources */,
			);
			runOnlyForDeploymentPostprocessing = 0;
		};
/* End PBXSourcesBuildPhase section */

/* Begin PBXTargetDependency section */
		A88C94D626A766E100A54553 /* PBXTargetDependency */ = {
			isa = PBXTargetDependency;
			target = A88C94BA26A766E000A54553 /* KWK Final Project - Ecotic */;
			targetProxy = A88C94D526A766E100A54553 /* PBXContainerItemProxy */;
		};
		A88C94E126A766E100A54553 /* PBXTargetDependency */ = {
			isa = PBXTargetDependency;
			target = A88C94BA26A766E000A54553 /* KWK Final Project - Ecotic */;
			targetProxy = A88C94E026A766E100A54553 /* PBXContainerItemProxy */;
		};
/* End PBXTargetDependency section */

/* Begin PBXVariantGroup section */
		A88C94C426A766E000A54553 /* Main.storyboard */ = {
			isa = PBXVariantGroup;
			children = (
				A88C94C526A766E000A54553 /* Base */,
			);
			name = Main.storyboard;
			sourceTree = "<group>";
		};
		A88C94CC26A766E100A54553 /* LaunchScreen.storyboard */ = {
			isa = PBXVariantGroup;
			children = (
				A88C94CD26A766E100A54553 /* Base */,
			);
			name = LaunchScreen.storyboard;
			sourceTree = "<group>";
		};
/* End PBXVariantGroup section */

/* Begin XCBuildConfiguration section */
		A88C94E626A766E100A54553 /* Debug */ = {
			isa = XCBuildConfiguration;
			buildSettings = {
				ALWAYS_SEARCH_USER_PATHS = NO;
				CLANG_ANALYZER_NONNULL = YES;
				CLANG_ANALYZER_NUMBER_OBJECT_CONVERSION = YES_AGGRESSIVE;
				CLANG_CXX_LANGUAGE_STANDARD = "gnu++14";
				CLANG_CXX_LIBRARY = "libc++";
				CLANG_ENABLE_MODULES = YES;
				CLANG_ENABLE_OBJC_ARC = YES;
				CLANG_ENABLE_OBJC_WEAK = YES;
				CLANG_WARN_BLOCK_CAPTURE_AUTORELEASING = YES;
				CLANG_WARN_BOOL_CONVERSION = YES;
				CLANG_WARN_COMMA = YES;
				CLANG_WARN_CONSTANT_CONVERSION = YES;
				CLANG_WARN_DEPRECATED_OBJC_IMPLEMENTATIONS = YES;
				CLANG_WARN_DIRECT_OBJC_ISA_USAGE = YES_ERROR;
				CLANG_WARN_DOCUMENTATION_COMMENTS = YES;
				CLANG_WARN_EMPTY_BODY = YES;
				CLANG_WARN_ENUM_CONVERSION = YES;
				CLANG_WARN_INFINITE_RECURSION = YES;
				CLANG_WARN_INT_CONVERSION = YES;
				CLANG_WARN_NON_LITERAL_NULL_CONVERSION = YES;
				CLANG_WARN_OBJC_IMPLICIT_RETAIN_SELF = YES;
				CLANG_WARN_OBJC_LITERAL_CONVERSION = YES;
				CLANG_WARN_OBJC_ROOT_CLASS = YES_ERROR;
				CLANG_WARN_QUOTED_INCLUDE_IN_FRAMEWORK_HEADER = YES;
				CLANG_WARN_RANGE_LOOP_ANALYSIS = YES;
				CLANG_WARN_STRICT_PROTOTYPES = YES;
				CLANG_WARN_SUSPICIOUS_MOVE = YES;
				CLANG_WARN_UNGUARDED_AVAILABILITY = YES_AGGRESSIVE;
				CLANG_WARN_UNREACHABLE_CODE = YES;
				CLANG_WARN__DUPLICATE_METHOD_MATCH = YES;
				COPY_PHASE_STRIP = NO;
				DEBUG_INFORMATION_FORMAT = dwarf;
				ENABLE_STRICT_OBJC_MSGSEND = YES;
				ENABLE_TESTABILITY = YES;
				GCC_C_LANGUAGE_STANDARD = gnu11;
				GCC_DYNAMIC_NO_PIC = NO;
				GCC_NO_COMMON_BLOCKS = YES;
				GCC_OPTIMIZATION_LEVEL = 0;
				GCC_PREPROCESSOR_DEFINITIONS = (
					"DEBUG=1",
					"$(inherited)",
				);
				GCC_WARN_64_TO_32_BIT_CONVERSION = YES;
				GCC_WARN_ABOUT_RETURN_TYPE = YES_ERROR;
				GCC_WARN_UNDECLARED_SELECTOR = YES;
				GCC_WARN_UNINITIALIZED_AUTOS = YES_AGGRESSIVE;
				GCC_WARN_UNUSED_FUNCTION = YES;
				GCC_WARN_UNUSED_VARIABLE = YES;
				IPHONEOS_DEPLOYMENT_TARGET = 14.5;
				MTL_ENABLE_DEBUG_INFO = INCLUDE_SOURCE;
				MTL_FAST_MATH = YES;
				ONLY_ACTIVE_ARCH = YES;
				SDKROOT = iphoneos;
				SWIFT_ACTIVE_COMPILATION_CONDITIONS = DEBUG;
				SWIFT_OPTIMIZATION_LEVEL = "-Onone";
			};
			name = Debug;
		};
		A88C94E726A766E100A54553 /* Release */ = {
			isa = XCBuildConfiguration;
			buildSettings = {
				ALWAYS_SEARCH_USER_PATHS = NO;
				CLANG_ANALYZER_NONNULL = YES;
				CLANG_ANALYZER_NUMBER_OBJECT_CONVERSION = YES_AGGRESSIVE;
				CLANG_CXX_LANGUAGE_STANDARD = "gnu++14";
				CLANG_CXX_LIBRARY = "libc++";
				CLANG_ENABLE_MODULES = YES;
				CLANG_ENABLE_OBJC_ARC = YES;
				CLANG_ENABLE_OBJC_WEAK = YES;
				CLANG_WARN_BLOCK_CAPTURE_AUTORELEASING = YES;
				CLANG_WARN_BOOL_CONVERSION = YES;
				CLANG_WARN_COMMA = YES;
				CLANG_WARN_CONSTANT_CONVERSION = YES;
				CLANG_WARN_DEPRECATED_OBJC_IMPLEMENTATIONS = YES;
				CLANG_WARN_DIRECT_OBJC_ISA_USAGE = YES_ERROR;
				CLANG_WARN_DOCUMENTATION_COMMENTS = YES;
				CLANG_WARN_EMPTY_BODY = YES;
				CLANG_WARN_ENUM_CONVERSION = YES;
				CLANG_WARN_INFINITE_RECURSION = YES;
				CLANG_WARN_INT_CONVERSION = YES;
				CLANG_WARN_NON_LITERAL_NULL_CONVERSION = YES;
				CLANG_WARN_OBJC_IMPLICIT_RETAIN_SELF = YES;
				CLANG_WARN_OBJC_LITERAL_CONVERSION = YES;
				CLANG_WARN_OBJC_ROOT_CLASS = YES_ERROR;
				CLANG_WARN_QUOTED_INCLUDE_IN_FRAMEWORK_HEADER = YES;
				CLANG_WARN_RANGE_LOOP_ANALYSIS = YES;
				CLANG_WARN_STRICT_PROTOTYPES = YES;
				CLANG_WARN_SUSPICIOUS_MOVE = YES;
				CLANG_WARN_UNGUARDED_AVAILABILITY = YES_AGGRESSIVE;
				CLANG_WARN_UNREACHABLE_CODE = YES;
				CLANG_WARN__DUPLICATE_METHOD_MATCH = YES;
				COPY_PHASE_STRIP = NO;
				DEBUG_INFORMATION_FORMAT = "dwarf-with-dsym";
				ENABLE_NS_ASSERTIONS = NO;
				ENABLE_STRICT_OBJC_MSGSEND = YES;
				GCC_C_LANGUAGE_STANDARD = gnu11;
				GCC_NO_COMMON_BLOCKS = YES;
				GCC_WARN_64_TO_32_BIT_CONVERSION = YES;
				GCC_WARN_ABOUT_RETURN_TYPE = YES_ERROR;
				GCC_WARN_UNDECLARED_SELECTOR = YES;
				GCC_WARN_UNINITIALIZED_AUTOS = YES_AGGRESSIVE;
				GCC_WARN_UNUSED_FUNCTION = YES;
				GCC_WARN_UNUSED_VARIABLE = YES;
				IPHONEOS_DEPLOYMENT_TARGET = 14.5;
				MTL_ENABLE_DEBUG_INFO = NO;
				MTL_FAST_MATH = YES;
				SDKROOT = iphoneos;
				SWIFT_COMPILATION_MODE = wholemodule;
				SWIFT_OPTIMIZATION_LEVEL = "-O";
				VALIDATE_PRODUCT = YES;
			};
			name = Release;
		};
		A88C94E926A766E100A54553 /* Debug */ = {
			isa = XCBuildConfiguration;
			buildSettings = {
				ASSETCATALOG_COMPILER_APPICON_NAME = AppIcon;
				ASSETCATALOG_COMPILER_GLOBAL_ACCENT_COLOR_NAME = AccentColor;
				CODE_SIGN_STYLE = Automatic;
				INFOPLIST_FILE = "KWK Final Project - Ecotic/Info.plist";
				LD_RUNPATH_SEARCH_PATHS = (
					"$(inherited)",
					"@executable_path/Frameworks",
				);
				PRODUCT_BUNDLE_IDENTIFIER = "kwk-2021.KWK-Final-Project---Ecotic";
				PRODUCT_NAME = "$(TARGET_NAME)";
				SWIFT_VERSION = 5.0;
				TARGETED_DEVICE_FAMILY = "1,2";
			};
			name = Debug;
		};
		A88C94EA26A766E100A54553 /* Release */ = {
			isa = XCBuildConfiguration;
			buildSettings = {
				ASSETCATALOG_COMPILER_APPICON_NAME = AppIcon;
				ASSETCATALOG_COMPILER_GLOBAL_ACCENT_COLOR_NAME = AccentColor;
				CODE_SIGN_STYLE = Automatic;
				INFOPLIST_FILE = "KWK Final Project - Ecotic/Info.plist";
				LD_RUNPATH_SEARCH_PATHS = (
					"$(inherited)",
					"@executable_path/Frameworks",
				);
				PRODUCT_BUNDLE_IDENTIFIER = "kwk-2021.KWK-Final-Project---Ecotic";
				PRODUCT_NAME = "$(TARGET_NAME)";
				SWIFT_VERSION = 5.0;
				TARGETED_DEVICE_FAMILY = "1,2";
			};
			name = Release;
		};
		A88C94EC26A766E100A54553 /* Debug */ = {
			isa = XCBuildConfiguration;
			buildSettings = {
				ALWAYS_EMBED_SWIFT_STANDARD_LIBRARIES = YES;
				BUNDLE_LOADER = "$(TEST_HOST)";
				CODE_SIGN_STYLE = Automatic;
				INFOPLIST_FILE = "KWK Final Project - EcoticTests/Info.plist";
				IPHONEOS_DEPLOYMENT_TARGET = 14.5;
				LD_RUNPATH_SEARCH_PATHS = (
					"$(inherited)",
					"@executable_path/Frameworks",
					"@loader_path/Frameworks",
				);
				PRODUCT_BUNDLE_IDENTIFIER = "kwk-2021.KWK-Final-Project---EcoticTests";
				PRODUCT_NAME = "$(TARGET_NAME)";
				SWIFT_VERSION = 5.0;
				TARGETED_DEVICE_FAMILY = "1,2";
				TEST_HOST = "$(BUILT_PRODUCTS_DIR)/KWK Final Project - Ecotic.app/KWK Final Project - Ecotic";
			};
			name = Debug;
		};
		A88C94ED26A766E100A54553 /* Release */ = {
			isa = XCBuildConfiguration;
			buildSettings = {
				ALWAYS_EMBED_SWIFT_STANDARD_LIBRARIES = YES;
				BUNDLE_LOADER = "$(TEST_HOST)";
				CODE_SIGN_STYLE = Automatic;
				INFOPLIST_FILE = "KWK Final Project - EcoticTests/Info.plist";
				IPHONEOS_DEPLOYMENT_TARGET = 14.5;
				LD_RUNPATH_SEARCH_PATHS = (
					"$(inherited)",
					"@executable_path/Frameworks",
					"@loader_path/Frameworks",
				);
				PRODUCT_BUNDLE_IDENTIFIER = "kwk-2021.KWK-Final-Project---EcoticTests";
				PRODUCT_NAME = "$(TARGET_NAME)";
				SWIFT_VERSION = 5.0;
				TARGETED_DEVICE_FAMILY = "1,2";
				TEST_HOST = "$(BUILT_PRODUCTS_DIR)/KWK Final Project - Ecotic.app/KWK Final Project - Ecotic";
			};
			name = Release;
		};
		A88C94EF26A766E100A54553 /* Debug */ = {
			isa = XCBuildConfiguration;
			buildSettings = {
				ALWAYS_EMBED_SWIFT_STANDARD_LIBRARIES = YES;
				CODE_SIGN_STYLE = Automatic;
				INFOPLIST_FILE = "KWK Final Project - EcoticUITests/Info.plist";
				LD_RUNPATH_SEARCH_PATHS = (
					"$(inherited)",
					"@executable_path/Frameworks",
					"@loader_path/Frameworks",
				);
				PRODUCT_BUNDLE_IDENTIFIER = "kwk-2021.KWK-Final-Project---EcoticUITests";
				PRODUCT_NAME = "$(TARGET_NAME)";
				SWIFT_VERSION = 5.0;
				TARGETED_DEVICE_FAMILY = "1,2";
				TEST_TARGET_NAME = "KWK Final Project - Ecotic";
			};
			name = Debug;
		};
		A88C94F026A766E100A54553 /* Release */ = {
			isa = XCBuildConfiguration;
			buildSettings = {
				ALWAYS_EMBED_SWIFT_STANDARD_LIBRARIES = YES;
				CODE_SIGN_STYLE = Automatic;
				INFOPLIST_FILE = "KWK Final Project - EcoticUITests/Info.plist";
				LD_RUNPATH_SEARCH_PATHS = (
					"$(inherited)",
					"@executable_path/Frameworks",
					"@loader_path/Frameworks",
				);
				PRODUCT_BUNDLE_IDENTIFIER = "kwk-2021.KWK-Final-Project---EcoticUITests";
				PRODUCT_NAME = "$(TARGET_NAME)";
				SWIFT_VERSION = 5.0;
				TARGETED_DEVICE_FAMILY = "1,2";
				TEST_TARGET_NAME = "KWK Final Project - Ecotic";
			};
			name = Release;
		};
/* End XCBuildConfiguration section */

/* Begin XCConfigurationList section */
		A88C94B626A766E000A54553 /* Build configuration list for PBXProject "KWK Final Project - Ecotic" */ = {
			isa = XCConfigurationList;
			buildConfigurations = (
				A88C94E626A766E100A54553 /* Debug */,
				A88C94E726A766E100A54553 /* Release */,
			);
			defaultConfigurationIsVisible = 0;
			defaultConfigurationName = Release;
		};
		A88C94E826A766E100A54553 /* Build configuration list for PBXNativeTarget "KWK Final Project - Ecotic" */ = {
			isa = XCConfigurationList;
			buildConfigurations = (
				A88C94E926A766E100A54553 /* Debug */,
				A88C94EA26A766E100A54553 /* Release */,
			);
			defaultConfigurationIsVisible = 0;
			defaultConfigurationName = Release;
		};
		A88C94EB26A766E100A54553 /* Build configuration list for PBXNativeTarget "KWK Final Project - EcoticTests" */ = {
			isa = XCConfigurationList;
			buildConfigurations = (
				A88C94EC26A766E100A54553 /* Debug */,
				A88C94ED26A766E100A54553 /* Release */,
			);
			defaultConfigurationIsVisible = 0;
			defaultConfigurationName = Release;
		};
		A88C94EE26A766E100A54553 /* Build configuration list for PBXNativeTarget "KWK Final Project - EcoticUITests" */ = {
			isa = XCConfigurationList;
			buildConfigurations = (
				A88C94EF26A766E100A54553 /* Debug */,
				A88C94F026A766E100A54553 /* Release */,
			);
			defaultConfigurationIsVisible = 0;
			defaultConfigurationName = Release;
		};
/* End XCConfigurationList section */

/* Begin XCVersionGroup section */
		A88C94C726A766E000A54553 /* KWK_Final_Project___Ecotic.xcdatamodeld */ = {
			isa = XCVersionGroup;
			children = (
				A88C94C826A766E000A54553 /* KWK_Final_Project___Ecotic.xcdatamodel */,
			);
			currentVersion = A88C94C826A766E000A54553 /* KWK_Final_Project___Ecotic.xcdatamodel */;
			path = "KWK_Final_Project___Ecotic.xcdatamodeld";
			sourceTree = "<group>";
			versionGroupType = wrapper.xcdatamodel;
		};
/* End XCVersionGroup section */
	};
	rootObject = A88C94B326A766E000A54553 /* Project object */;
}
